
Microsoft Visual Studio Solution File, Format Version 12.00
# Visual Studio Version 17
VisualStudioVersion = 17.13.35825.156
MinimumVisualStudioVersion = 10.0.40219.1
Project("{2150E333-8FDC-42A3-9474-1A3956D46DE8}") = "src", "src", "{02EA681E-C7D8-13C7-8484-4AC65E1B71E8}"
EndProject
Project("{FAE04EC0-301F-11D3-BF4B-00C04F79EFBC}") = "DongTaBhxh.Domain", "DongTaBhxh.Domain\DongTaBhxh.Domain.csproj", "{D6014DCB-F96A-4501-8463-F58617397AB8}"
EndProject
Project("{FAE04EC0-301F-11D3-BF4B-00C04F79EFBC}") = "DongTaBhxh.ConsoleUI", "DongTaBhxh.ConsoleUI\DongTaBhxh.ConsoleUI.csproj", "{6AD8399C-7AB3-42FF-AA85-43ECDA438769}"
EndProject
Project("{FAE04EC0-301F-11D3-BF4B-00C04F79EFBC}") = "DongTaBhxh.ApiGateway", "DongTaBhxh.ApiGateway\DongTaBhxh.ApiGateway.csproj", "{5A57E840-F37A-407F-BE56-8C6C694F849D}"
EndProject
Global
	GlobalSection(SolutionConfigurationPlatforms) = preSolution
		Debug|Any CPU = Debug|Any CPU
		Release|Any CPU = Release|Any CPU
	EndGlobalSection
	GlobalSection(ProjectConfigurationPlatforms) = postSolution
		{D6014DCB-F96A-4501-8463-F58617397AB8}.Debug|Any CPU.ActiveCfg = Debug|Any CPU
		{D6014DCB-F96A-4501-8463-F58617397AB8}.Debug|Any CPU.Build.0 = Debug|Any CPU
		{D6014DCB-F96A-4501-8463-F58617397AB8}.Release|Any CPU.ActiveCfg = Release|Any CPU
		{D6014DCB-F96A-4501-8463-F58617397AB8}.Release|Any CPU.Build.0 = Release|Any CPU
		{6AD8399C-7AB3-42FF-AA85-43ECDA438769}.Debug|Any CPU.ActiveCfg = Debug|Any CPU
		{6AD8399C-7AB3-42FF-AA85-43ECDA438769}.Debug|Any CPU.Build.0 = Debug|Any CPU
		{6AD8399C-7AB3-42FF-AA85-43ECDA438769}.Release|Any CPU.ActiveCfg = Release|Any CPU
		{6AD8399C-7AB3-42FF-AA85-43ECDA438769}.Release|Any CPU.Build.0 = Release|Any CPU
		{5A57E840-F37A-407F-BE56-8C6C694F849D}.Debug|Any CPU.ActiveCfg = Debug|Any CPU
		{5A57E840-F37A-407F-BE56-8C6C694F849D}.Debug|Any CPU.Build.0 = Debug|Any CPU
		{5A57E840-F37A-407F-BE56-8C6C694F849D}.Release|Any CPU.ActiveCfg = Release|Any CPU
		{5A57E840-F37A-407F-BE56-8C6C694F849D}.Release|Any CPU.Build.0 = Release|Any CPU
	EndGlobalSection
	GlobalSection(SolutionProperties) = preSolution
		HideSolutionNode = FALSE
	EndGlobalSection
	GlobalSection(NestedProjects) = preSolution
		{D6014DCB-F96A-4501-8463-F58617397AB8} = {02EA681E-C7D8-13C7-8484-4AC65E1B71E8}
		{6AD8399C-7AB3-42FF-AA85-43ECDA438769} = {02EA681E-C7D8-13C7-8484-4AC65E1B71E8}
		{5A57E840-F37A-407F-BE56-8C6C694F849D} = {02EA681E-C7D8-13C7-8484-4AC65E1B71E8}
	EndGlobalSection
	GlobalSection(ExtensibilityGlobals) = postSolution
		SolutionGuid = {7C866C48-E89F-40E5-82F4-476F9C4EAC89}
	EndGlobalSection
EndGlobal
