
Microsoft Visual Studio Solution File, Format Version 12.00
# Visual Studio Version 17
VisualStudioVersion = 17.13.35825.156
MinimumVisualStudioVersion = 10.0.40219.1
Project("{2150E333-8FDC-42A3-9474-1A3956D46DE8}") = "src", "src", "{02EA681E-C7D8-13C7-8484-4AC65E1B71E8}"
EndProject
Project("{FAE04EC0-301F-11D3-BF4B-00C04F79EFBC}") = "DongTaBhxh.Domain", "DongTaBhxh.Domain\DongTaBhxh.Domain.csproj", "{D6014DCB-F96A-4501-8463-F58617397AB8}"
EndProject
Project("{FAE04EC0-301F-11D3-BF4B-00C04F79EFBC}") = "DongTaBhxh.ConsoleUI", "DongTaBhxh.ConsoleUI\DongTaBhxh.ConsoleUI.csproj", "{6AD8399C-7AB3-42FF-AA85-43ECDA438769}"
EndProject
Project("{FAE04EC0-301F-11D3-BF4B-00C04F79EFBC}") = "DongTaBhxh.ApiGateway", "DongTaBhxh.ApiGateway\DongTaBhxh.ApiGateway.csproj", "{5A57E840-F37A-407F-BE56-8C6C694F849D}"
EndProject
Project("{FAE04EC0-301F-11D3-BF4B-00C04F79EFBC}") = "DongTaBhxh.DataTranfer", "DongTaBhxh.DataTranfer\DongTaBhxh.DataTranfer.csproj", "{D68D3C45-005D-44BB-9592-FAE43BC759A9}"
EndProject
Project("{FAE04EC0-301F-11D3-BF4B-00C04F79EFBC}") = "DongTa.ResponseResult", "..\DongTa Library\DongTa.ResponseResult\DongTa.ResponseResult.csproj", "{FA006944-F4E8-61C6-E9C9-4F88700272EC}"
EndProject
Project("{FAE04EC0-301F-11D3-BF4B-00C04F79EFBC}") = "DongTa.ResponseMessage", "..\DongTa Library\DongTa.ResponseMessage\DongTa.ResponseMessage.csproj", "{1EC52B22-9E8E-0735-D3AF-B423D547F5D7}"
EndProject
Project("{FAE04EC0-301F-11D3-BF4B-00C04F79EFBC}") = "DongTa.QuarterInYear", "..\DongTa Library\DongTa.QuarterInYear\DongTa.QuarterInYear.csproj", "{DD320FEF-1187-E1F1-BC9C-86D9F24A1649}"
EndProject
Project("{FAE04EC0-301F-11D3-BF4B-00C04F79EFBC}") = "DongTa.TypeExtension", "..\DongTa Library\DongTa.TypeExtension\DongTa.TypeExtension.csproj", "{B3D2191C-95B6-E925-B2BF-8ED220C24FB1}"
EndProject
Project("{FAE04EC0-301F-11D3-BF4B-00C04F79EFBC}") = "DongTaBhxh.AspireAppHost", "DongTaBhxh.AspireAppHost\DongTaBhxh.AspireAppHost.csproj", "{E9AB887B-7C78-4D3B-8D70-8F12EF70875B}"
EndProject
Project("{FAE04EC0-301F-11D3-BF4B-00C04F79EFBC}") = "DongTaBhxh.WebUI", "DongTaBhxh.WebUI\DongTaBhxh.WebUI.csproj", "{3B5D6749-A0D0-459C-B0EE-FF6E3C6E9A58}"
EndProject
Project("{FAE04EC0-301F-11D3-BF4B-00C04F79EFBC}") = "DongTa.BaseHttpClient", "..\DongTa Library\DongTa.BaseHttpClient\DongTa.BaseHttpClient.csproj", "{D61FD6F6-EEB9-5EE2-AD9C-067EED961FD9}"
EndProject
Project("{FAE04EC0-301F-11D3-BF4B-00C04F79EFBC}") = "DongTaBhxh.Enums", "DongTaBhxh.Enums\DongTaBhxh.Enums.csproj", "{5ABB3D68-22C4-4343-89F0-6FD948753EEA}"
EndProject
Project("{2150E333-8FDC-42A3-9474-1A3956D46DE8}") = "Solution Items", "Solution Items", "{8EC462FD-D22E-90A8-E5CE-7E832BA40C5D}"
	ProjectSection(SolutionItems) = preProject
		CreateDatabase.txt = CreateDatabase.txt
	EndProjectSection
EndProject
Project("{FAE04EC0-301F-11D3-BF4B-00C04F79EFBC}") = "DongTaBhxh.Parameter", "DongTaBhxh.Parameter\DongTaBhxh.Parameter.csproj", "{B70415E3-4657-4AC0-AB8A-1C392DAFF9B3}"
EndProject
Project("{FAE04EC0-301F-11D3-BF4B-00C04F79EFBC}") = "DongTa.BaseDapper", "..\DongTa Library\DongTa.BaseDapper\DongTa.BaseDapper.csproj", "{57A2E8ED-94C1-3710-A660-92E007AF4FDC}"
EndProject
Project("{FAE04EC0-301F-11D3-BF4B-00C04F79EFBC}") = "DongTaBhxh.DefaultValue", "DongTaBhxh.DefaultValue\DongTaBhxh.DefaultValue.csproj", "{8FF4C5A9-6291-E142-03A9-D9706DA06F85}"
EndProject
Global
	GlobalSection(SolutionConfigurationPlatforms) = preSolution
		Debug|Any CPU = Debug|Any CPU
		Release|Any CPU = Release|Any CPU
	EndGlobalSection
	GlobalSection(ProjectConfigurationPlatforms) = postSolution
		{D6014DCB-F96A-4501-8463-F58617397AB8}.Debug|Any CPU.ActiveCfg = Debug|Any CPU
		{D6014DCB-F96A-4501-8463-F58617397AB8}.Debug|Any CPU.Build.0 = Debug|Any CPU
		{D6014DCB-F96A-4501-8463-F58617397AB8}.Release|Any CPU.ActiveCfg = Release|Any CPU
		{D6014DCB-F96A-4501-8463-F58617397AB8}.Release|Any CPU.Build.0 = Release|Any CPU
		{6AD8399C-7AB3-42FF-AA85-43ECDA438769}.Debug|Any CPU.ActiveCfg = Debug|Any CPU
		{6AD8399C-7AB3-42FF-AA85-43ECDA438769}.Debug|Any CPU.Build.0 = Debug|Any CPU
		{6AD8399C-7AB3-42FF-AA85-43ECDA438769}.Release|Any CPU.ActiveCfg = Release|Any CPU
		{6AD8399C-7AB3-42FF-AA85-43ECDA438769}.Release|Any CPU.Build.0 = Release|Any CPU
		{5A57E840-F37A-407F-BE56-8C6C694F849D}.Debug|Any CPU.ActiveCfg = Debug|Any CPU
		{5A57E840-F37A-407F-BE56-8C6C694F849D}.Debug|Any CPU.Build.0 = Debug|Any CPU
		{5A57E840-F37A-407F-BE56-8C6C694F849D}.Release|Any CPU.ActiveCfg = Release|Any CPU
		{5A57E840-F37A-407F-BE56-8C6C694F849D}.Release|Any CPU.Build.0 = Release|Any CPU
		{D68D3C45-005D-44BB-9592-FAE43BC759A9}.Debug|Any CPU.ActiveCfg = Debug|Any CPU
		{D68D3C45-005D-44BB-9592-FAE43BC759A9}.Debug|Any CPU.Build.0 = Debug|Any CPU
		{D68D3C45-005D-44BB-9592-FAE43BC759A9}.Release|Any CPU.ActiveCfg = Release|Any CPU
		{D68D3C45-005D-44BB-9592-FAE43BC759A9}.Release|Any CPU.Build.0 = Release|Any CPU
		{FA006944-F4E8-61C6-E9C9-4F88700272EC}.Debug|Any CPU.ActiveCfg = Debug|Any CPU
		{FA006944-F4E8-61C6-E9C9-4F88700272EC}.Debug|Any CPU.Build.0 = Debug|Any CPU
		{FA006944-F4E8-61C6-E9C9-4F88700272EC}.Release|Any CPU.ActiveCfg = Release|Any CPU
		{FA006944-F4E8-61C6-E9C9-4F88700272EC}.Release|Any CPU.Build.0 = Release|Any CPU
		{1EC52B22-9E8E-0735-D3AF-B423D547F5D7}.Debug|Any CPU.ActiveCfg = Debug|Any CPU
		{1EC52B22-9E8E-0735-D3AF-B423D547F5D7}.Debug|Any CPU.Build.0 = Debug|Any CPU
		{1EC52B22-9E8E-0735-D3AF-B423D547F5D7}.Release|Any CPU.ActiveCfg = Release|Any CPU
		{1EC52B22-9E8E-0735-D3AF-B423D547F5D7}.Release|Any CPU.Build.0 = Release|Any CPU
		{DD320FEF-1187-E1F1-BC9C-86D9F24A1649}.Debug|Any CPU.ActiveCfg = Debug|Any CPU
		{DD320FEF-1187-E1F1-BC9C-86D9F24A1649}.Debug|Any CPU.Build.0 = Debug|Any CPU
		{DD320FEF-1187-E1F1-BC9C-86D9F24A1649}.Release|Any CPU.ActiveCfg = Release|Any CPU
		{DD320FEF-1187-E1F1-BC9C-86D9F24A1649}.Release|Any CPU.Build.0 = Release|Any CPU
		{B3D2191C-95B6-E925-B2BF-8ED220C24FB1}.Debug|Any CPU.ActiveCfg = Debug|Any CPU
		{B3D2191C-95B6-E925-B2BF-8ED220C24FB1}.Debug|Any CPU.Build.0 = Debug|Any CPU
		{B3D2191C-95B6-E925-B2BF-8ED220C24FB1}.Release|Any CPU.ActiveCfg = Release|Any CPU
		{B3D2191C-95B6-E925-B2BF-8ED220C24FB1}.Release|Any CPU.Build.0 = Release|Any CPU
		{E9AB887B-7C78-4D3B-8D70-8F12EF70875B}.Debug|Any CPU.ActiveCfg = Debug|Any CPU
		{E9AB887B-7C78-4D3B-8D70-8F12EF70875B}.Debug|Any CPU.Build.0 = Debug|Any CPU
		{E9AB887B-7C78-4D3B-8D70-8F12EF70875B}.Release|Any CPU.ActiveCfg = Release|Any CPU
		{E9AB887B-7C78-4D3B-8D70-8F12EF70875B}.Release|Any CPU.Build.0 = Release|Any CPU
		{3B5D6749-A0D0-459C-B0EE-FF6E3C6E9A58}.Debug|Any CPU.ActiveCfg = Debug|Any CPU
		{3B5D6749-A0D0-459C-B0EE-FF6E3C6E9A58}.Debug|Any CPU.Build.0 = Debug|Any CPU
		{3B5D6749-A0D0-459C-B0EE-FF6E3C6E9A58}.Release|Any CPU.ActiveCfg = Release|Any CPU
		{3B5D6749-A0D0-459C-B0EE-FF6E3C6E9A58}.Release|Any CPU.Build.0 = Release|Any CPU
		{D61FD6F6-EEB9-5EE2-AD9C-067EED961FD9}.Debug|Any CPU.ActiveCfg = Debug|Any CPU
		{D61FD6F6-EEB9-5EE2-AD9C-067EED961FD9}.Debug|Any CPU.Build.0 = Debug|Any CPU
		{D61FD6F6-EEB9-5EE2-AD9C-067EED961FD9}.Release|Any CPU.ActiveCfg = Release|Any CPU
		{D61FD6F6-EEB9-5EE2-AD9C-067EED961FD9}.Release|Any CPU.Build.0 = Release|Any CPU
		{5ABB3D68-22C4-4343-89F0-6FD948753EEA}.Debug|Any CPU.ActiveCfg = Debug|Any CPU
		{5ABB3D68-22C4-4343-89F0-6FD948753EEA}.Debug|Any CPU.Build.0 = Debug|Any CPU
		{5ABB3D68-22C4-4343-89F0-6FD948753EEA}.Release|Any CPU.ActiveCfg = Release|Any CPU
		{5ABB3D68-22C4-4343-89F0-6FD948753EEA}.Release|Any CPU.Build.0 = Release|Any CPU
		{B70415E3-4657-4AC0-AB8A-1C392DAFF9B3}.Debug|Any CPU.ActiveCfg = Debug|Any CPU
		{B70415E3-4657-4AC0-AB8A-1C392DAFF9B3}.Debug|Any CPU.Build.0 = Debug|Any CPU
		{B70415E3-4657-4AC0-AB8A-1C392DAFF9B3}.Release|Any CPU.ActiveCfg = Release|Any CPU
		{B70415E3-4657-4AC0-AB8A-1C392DAFF9B3}.Release|Any CPU.Build.0 = Release|Any CPU
		{57A2E8ED-94C1-3710-A660-92E007AF4FDC}.Debug|Any CPU.ActiveCfg = Debug|Any CPU
		{57A2E8ED-94C1-3710-A660-92E007AF4FDC}.Debug|Any CPU.Build.0 = Debug|Any CPU
		{57A2E8ED-94C1-3710-A660-92E007AF4FDC}.Release|Any CPU.ActiveCfg = Release|Any CPU
		{57A2E8ED-94C1-3710-A660-92E007AF4FDC}.Release|Any CPU.Build.0 = Release|Any CPU
		{8FF4C5A9-6291-E142-03A9-D9706DA06F85}.Debug|Any CPU.ActiveCfg = Debug|Any CPU
		{8FF4C5A9-6291-E142-03A9-D9706DA06F85}.Debug|Any CPU.Build.0 = Debug|Any CPU
		{8FF4C5A9-6291-E142-03A9-D9706DA06F85}.Release|Any CPU.ActiveCfg = Release|Any CPU
		{8FF4C5A9-6291-E142-03A9-D9706DA06F85}.Release|Any CPU.Build.0 = Release|Any CPU
	EndGlobalSection
	GlobalSection(SolutionProperties) = preSolution
		HideSolutionNode = FALSE
	EndGlobalSection
	GlobalSection(NestedProjects) = preSolution
		{D6014DCB-F96A-4501-8463-F58617397AB8} = {02EA681E-C7D8-13C7-8484-4AC65E1B71E8}
		{6AD8399C-7AB3-42FF-AA85-43ECDA438769} = {02EA681E-C7D8-13C7-8484-4AC65E1B71E8}
		{5A57E840-F37A-407F-BE56-8C6C694F849D} = {02EA681E-C7D8-13C7-8484-4AC65E1B71E8}
		{D68D3C45-005D-44BB-9592-FAE43BC759A9} = {02EA681E-C7D8-13C7-8484-4AC65E1B71E8}
		{FA006944-F4E8-61C6-E9C9-4F88700272EC} = {02EA681E-C7D8-13C7-8484-4AC65E1B71E8}
		{1EC52B22-9E8E-0735-D3AF-B423D547F5D7} = {02EA681E-C7D8-13C7-8484-4AC65E1B71E8}
		{DD320FEF-1187-E1F1-BC9C-86D9F24A1649} = {02EA681E-C7D8-13C7-8484-4AC65E1B71E8}
		{B3D2191C-95B6-E925-B2BF-8ED220C24FB1} = {02EA681E-C7D8-13C7-8484-4AC65E1B71E8}
		{E9AB887B-7C78-4D3B-8D70-8F12EF70875B} = {02EA681E-C7D8-13C7-8484-4AC65E1B71E8}
		{3B5D6749-A0D0-459C-B0EE-FF6E3C6E9A58} = {02EA681E-C7D8-13C7-8484-4AC65E1B71E8}
		{D61FD6F6-EEB9-5EE2-AD9C-067EED961FD9} = {02EA681E-C7D8-13C7-8484-4AC65E1B71E8}
		{5ABB3D68-22C4-4343-89F0-6FD948753EEA} = {02EA681E-C7D8-13C7-8484-4AC65E1B71E8}
		{B70415E3-4657-4AC0-AB8A-1C392DAFF9B3} = {02EA681E-C7D8-13C7-8484-4AC65E1B71E8}
		{57A2E8ED-94C1-3710-A660-92E007AF4FDC} = {02EA681E-C7D8-13C7-8484-4AC65E1B71E8}
		{8FF4C5A9-6291-E142-03A9-D9706DA06F85} = {02EA681E-C7D8-13C7-8484-4AC65E1B71E8}
	EndGlobalSection
	GlobalSection(ExtensibilityGlobals) = postSolution
		SolutionGuid = {7C866C48-E89F-40E5-82F4-476F9C4EAC89}
	EndGlobalSection
EndGlobal
